
Microsoft Visual Studio Solution File, Format Version 12.00
# Visual Studio Version 17
VisualStudioVersion = 17.5.002.0
MinimumVisualStudioVersion = 10.0.40219.1
Project("{9A19103F-16F7-4668-BE54-9A1E7A4F7556}") = "CarShopApi", "CarShopApi.csproj", "{61E6C3F4-DB76-4B38-99D4-D25507854720}"
EndProject
Global
	GlobalSection(SolutionConfigurationPlatforms) = preSolution
		Debug|Any CPU = Debug|Any CPU
		Release|Any CPU = Release|Any CPU
	EndGlobalSection
	GlobalSection(ProjectConfigurationPlatforms) = postSolution
		{61E6C3F4-DB76-4B38-99D4-D25507854720}.Debug|Any CPU.ActiveCfg = Debug|Any CPU
		{61E6C3F4-DB76-4B38-99D4-D25507854720}.Debug|Any CPU.Build.0 = Debug|Any CPU
		{61E6C3F4-DB76-4B38-99D4-D25507854720}.Release|Any CPU.ActiveCfg = Release|Any CPU
		{61E6C3F4-DB76-4B38-99D4-D25507854720}.Release|Any CPU.Build.0 = Release|Any CPU
	EndGlobalSection
	GlobalSection(SolutionProperties) = preSolution
		HideSolutionNode = FALSE
	EndGlobalSection
	GlobalSection(ExtensibilityGlobals) = postSolution
		SolutionGuid = {1A761828-4940-4B3B-87F7-8D84C65E8F43}
	EndGlobalSection
EndGlobal
